// !$*UTF8*$!
{
	archiveVersion = 1;
	classes = {
	};
	objectVersion = 56;
	objects = {

/* Begin PBXBuildFile section */
		0411DE402C1DCDE600F52237 /* AppDelegate.m in Sources */ = {isa = PBXBuildFile; fileRef = 0411DE3F2C1DCDE600F52237 /* AppDelegate.m */; };
		0411DE432C1DCDE600F52237 /* SceneDelegate.m in Sources */ = {isa = PBXBuildFile; fileRef = 0411DE422C1DCDE600F52237 /* SceneDelegate.m */; };
		0411DE462C1DCDE600F52237 /* ViewController.m in Sources */ = {isa = PBXBuildFile; fileRef = 0411DE452C1DCDE600F52237 /* ViewController.m */; };
		0411DE4B2C1DCDE700F52237 /* Assets.xcassets in Resources */ = {isa = PBXBuildFile; fileRef = 0411DE4A2C1DCDE700F52237 /* Assets.xcassets */; };
		0411DE512C1DCDE700F52237 /* main.m in Sources */ = {isa = PBXBuildFile; fileRef = 0411DE502C1DCDE700F52237 /* main.m */; };
		0411DE992C1FE04D00F52237 /* SplashView.m in Sources */ = {isa = PBXBuildFile; fileRef = 0411DE982C1FE04D00F52237 /* SplashView.m */; };
		0411DE9B2C1FE7E800F52237 /* icon.bundle in Resources */ = {isa = PBXBuildFile; fileRef = 0411DE9A2C1FE7E800F52237 /* icon.bundle */; };
		0411DF1A2C2022E800F52237 /* kalodata.png in Resources */ = {isa = PBXBuildFile; fileRef = 0411DF192C2022E800F52237 /* kalodata.png */; };
		0411DF1C2C20235A00F52237 /* Launch Screen.storyboard in Resources */ = {isa = PBXBuildFile; fileRef = 0411DF1B2C20235A00F52237 /* Launch Screen.storyboard */; };
/* End PBXBuildFile section */

/* Begin PBXFileReference section */
		0411DE3B2C1DCDE600F52237 /* kalodata3.app */ = {isa = PBXFileReference; explicitFileType = wrapper.application; includeInIndex = 0; path = kalodata3.app; sourceTree = BUILT_PRODUCTS_DIR; };
		0411DE3E2C1DCDE600F52237 /* AppDelegate.h */ = {isa = PBXFileReference; lastKnownFileType = sourcecode.c.h; path = AppDelegate.h; sourceTree = "<group>"; };
		0411DE3F2C1DCDE600F52237 /* AppDelegate.m */ = {isa = PBXFileReference; lastKnownFileType = sourcecode.c.objc; path = AppDelegate.m; sourceTree = "<group>"; };
		0411DE412C1DCDE600F52237 /* SceneDelegate.h */ = {isa = PBXFileReference; lastKnownFileType = sourcecode.c.h; path = SceneDelegate.h; sourceTree = "<group>"; };
		0411DE422C1DCDE600F52237 /* SceneDelegate.m */ = {isa = PBXFileReference; lastKnownFileType = sourcecode.c.objc; path = SceneDelegate.m; sourceTree = "<group>"; };
		0411DE442C1DCDE600F52237 /* ViewController.h */ = {isa = PBXFileReference; lastKnownFileType = sourcecode.c.h; path = ViewController.h; sourceTree = "<group>"; };
		0411DE452C1DCDE600F52237 /* ViewController.m */ = {isa = PBXFileReference; lastKnownFileType = sourcecode.c.objc; path = ViewController.m; sourceTree = "<group>"; };
		0411DE4A2C1DCDE700F52237 /* Assets.xcassets */ = {isa = PBXFileReference; lastKnownFileType = folder.assetcatalog; path = Assets.xcassets; sourceTree = "<group>"; };
		0411DE4F2C1DCDE700F52237 /* Info.plist */ = {isa = PBXFileReference; lastKnownFileType = text.plist.xml; path = Info.plist; sourceTree = "<group>"; };
		0411DE502C1DCDE700F52237 /* main.m */ = {isa = PBXFileReference; lastKnownFileType = sourcecode.c.objc; path = main.m; sourceTree = "<group>"; };
		0411DE972C1FE04D00F52237 /* SplashView.h */ = {isa = PBXFileReference; lastKnownFileType = sourcecode.c.h; path = SplashView.h; sourceTree = "<group>"; };
		0411DE982C1FE04D00F52237 /* SplashView.m */ = {isa = PBXFileReference; lastKnownFileType = sourcecode.c.objc; path = SplashView.m; sourceTree = "<group>"; };
		0411DE9A2C1FE7E800F52237 /* icon.bundle */ = {isa = PBXFileReference; lastKnownFileType = "wrapper.plug-in"; path = icon.bundle; sourceTree = "<group>"; };
		0411DF192C2022E800F52237 /* kalodata.png */ = {isa = PBXFileReference; lastKnownFileType = image.png; name = kalodata.png; path = Assets.xcassets/kalodata.png; sourceTree = "<group>"; };
		0411DF1B2C20235A00F52237 /* Launch Screen.storyboard */ = {isa = PBXFileReference; fileEncoding = 4; lastKnownFileType = file.storyboard; path = "Launch Screen.storyboard"; sourceTree = "<group>"; };
/* End PBXFileReference section */

/* Begin PBXFrameworksBuildPhase section */
		0411DE382C1DCDE600F52237 /* Frameworks */ = {
			isa = PBXFrameworksBuildPhase;
			buildActionMask = 2147483647;
			files = (
			);
			runOnlyForDeploymentPostprocessing = 0;
		};
/* End PBXFrameworksBuildPhase section */

/* Begin PBXGroup section */
		0411DE322C1DCDE600F52237 = {
			isa = PBXGroup;
			children = (
				0411DE3D2C1DCDE600F52237 /* kalodata3 */,
				0411DE3C2C1DCDE600F52237 /* Products */,
			);
			sourceTree = "<group>";
		};
		0411DE3C2C1DCDE600F52237 /* Products */ = {
			isa = PBXGroup;
			children = (
				0411DE3B2C1DCDE600F52237 /* kalodata3.app */,
			);
			name = Products;
			sourceTree = "<group>";
		};
		0411DE3D2C1DCDE600F52237 /* kalodata3 */ = {
			isa = PBXGroup;
			children = (
				0411DE972C1FE04D00F52237 /* SplashView.h */,
				0411DE982C1FE04D00F52237 /* SplashView.m */,
				0411DE3E2C1DCDE600F52237 /* AppDelegate.h */,
				0411DE3F2C1DCDE600F52237 /* AppDelegate.m */,
				0411DE412C1DCDE600F52237 /* SceneDelegate.h */,
				0411DE422C1DCDE600F52237 /* SceneDelegate.m */,
				0411DE442C1DCDE600F52237 /* ViewController.h */,
				0411DE452C1DCDE600F52237 /* ViewController.m */,
				0411DE4A2C1DCDE700F52237 /* Assets.xcassets */,
				0411DE9A2C1FE7E800F52237 /* icon.bundle */,
				0411DE4F2C1DCDE700F52237 /* Info.plist */,
				0411DE502C1DCDE700F52237 /* main.m */,
				0411DF192C2022E800F52237 /* kalodata.png */,
				0411DF1B2C20235A00F52237 /* Launch Screen.storyboard */,
			);
			path = kalodata3;
			sourceTree = "<group>";
		};
/* End PBXGroup section */

/* Begin PBXNativeTarget section */
		0411DE3A2C1DCDE600F52237 /* kalodata3 */ = {
			isa = PBXNativeTarget;
			buildConfigurationList = 0411DE542C1DCDE700F52237 /* Build configuration list for PBXNativeTarget "kalodata3" */;
			buildPhases = (
				0411DE372C1DCDE600F52237 /* Sources */,
				0411DE382C1DCDE600F52237 /* Frameworks */,
				0411DE392C1DCDE600F52237 /* Resources */,
			);
			buildRules = (
			);
			dependencies = (
			);
			name = kalodata3;
			productName = kalodata3;
			productReference = 0411DE3B2C1DCDE600F52237 /* kalodata3.app */;
			productType = "com.apple.product-type.application";
		};
/* End PBXNativeTarget section */

/* Begin PBXProject section */
		0411DE332C1DCDE600F52237 /* Project object */ = {
			isa = PBXProject;
			attributes = {
				BuildIndependentTargetsInParallel = 1;
				LastUpgradeCheck = 1540;
				TargetAttributes = {
					0411DE3A2C1DCDE600F52237 = {
						CreatedOnToolsVersion = 15.4;
					};
				};
			};
			buildConfigurationList = 0411DE362C1DCDE600F52237 /* Build configuration list for PBXProject "kalodata3" */;
			compatibilityVersion = "Xcode 14.0";
			developmentRegion = en;
			hasScannedForEncodings = 0;
			knownRegions = (
				en,
				Base,
			);
			mainGroup = 0411DE322C1DCDE600F52237;
			productRefGroup = 0411DE3C2C1DCDE600F52237 /* Products */;
			projectDirPath = "";
			projectRoot = "";
			targets = (
				0411DE3A2C1DCDE600F52237 /* kalodata3 */,
			);
		};
/* End PBXProject section */

/* Begin PBXResourcesBuildPhase section */
		0411DE392C1DCDE600F52237 /* Resources */ = {
			isa = PBXResourcesBuildPhase;
			buildActionMask = 2147483647;
			files = (
				0411DF1A2C2022E800F52237 /* kalodata.png in Resources */,
				0411DE9B2C1FE7E800F52237 /* icon.bundle in Resources */,
				0411DF1C2C20235A00F52237 /* Launch Screen.storyboard in Resources */,
				0411DE4B2C1DCDE700F52237 /* Assets.xcassets in Resources */,
			);
			runOnlyForDeploymentPostprocessing = 0;
		};
/* End PBXResourcesBuildPhase section */

/* Begin PBXSourcesBuildPhase section */
		0411DE372C1DCDE600F52237 /* Sources */ = {
			isa = PBXSourcesBuildPhase;
			buildActionMask = 2147483647;
			files = (
				0411DE992C1FE04D00F52237 /* SplashView.m in Sources */,
				0411DE462C1DCDE600F52237 /* ViewController.m in Sources */,
				0411DE402C1DCDE600F52237 /* AppDelegate.m in Sources */,
				0411DE512C1DCDE700F52237 /* main.m in Sources */,
				0411DE432C1DCDE600F52237 /* SceneDelegate.m in Sources */,
			);
			runOnlyForDeploymentPostprocessing = 0;
		};
/* End PBXSourcesBuildPhase section */

/* Begin XCBuildConfiguration section */
		0411DE522C1DCDE700F52237 /* Debug */ = {
			isa = XCBuildConfiguration;
			buildSettings = {
				ALWAYS_SEARCH_USER_PATHS = NO;
				ASSETCATALOG_COMPILER_GENERATE_SWIFT_ASSET_SYMBOL_EXTENSIONS = YES;
				CLANG_ANALYZER_NONNULL = YES;
				CLANG_ANALYZER_NUMBER_OBJECT_CONVERSION = YES_AGGRESSIVE;
				CLANG_CXX_LANGUAGE_STANDARD = "gnu++20";
				CLANG_ENABLE_MODULES = YES;
				CLANG_ENABLE_OBJC_ARC = YES;
				CLANG_ENABLE_OBJC_WEAK = YES;
				CLANG_WARN_BLOCK_CAPTURE_AUTORELEASING = YES;
				CLANG_WARN_BOOL_CONVERSION = YES;
				CLANG_WARN_COMMA = YES;
				CLANG_WARN_CONSTANT_CONVERSION = YES;
				CLANG_WARN_DEPRECATED_OBJC_IMPLEMENTATIONS = YES;
				CLANG_WARN_DIRECT_OBJC_ISA_USAGE = YES_ERROR;
				CLANG_WARN_DOCUMENTATION_COMMENTS = YES;
				CLANG_WARN_EMPTY_BODY = YES;
				CLANG_WARN_ENUM_CONVERSION = YES;
				CLANG_WARN_INFINITE_RECURSION = YES;
				CLANG_WARN_INT_CONVERSION = YES;
				CLANG_WARN_NON_LITERAL_NULL_CONVERSION = YES;
				CLANG_WARN_OBJC_IMPLICIT_RETAIN_SELF = YES;
				CLANG_WARN_OBJC_LITERAL_CONVERSION = YES;
				CLANG_WARN_OBJC_ROOT_CLASS = YES_ERROR;
				CLANG_WARN_QUOTED_INCLUDE_IN_FRAMEWORK_HEADER = YES;
				CLANG_WARN_RANGE_LOOP_ANALYSIS = YES;
				CLANG_WARN_STRICT_PROTOTYPES = YES;
				CLANG_WARN_SUSPICIOUS_MOVE = YES;
				CLANG_WARN_UNGUARDED_AVAILABILITY = YES_AGGRESSIVE;
				CLANG_WARN_UNREACHABLE_CODE = YES;
				CLANG_WARN__DUPLICATE_METHOD_MATCH = YES;
				COPY_PHASE_STRIP = NO;
				DEBUG_INFORMATION_FORMAT = dwarf;
				ENABLE_STRICT_OBJC_MSGSEND = YES;
				ENABLE_TESTABILITY = YES;
				ENABLE_USER_SCRIPT_SANDBOXING = YES;
				GCC_C_LANGUAGE_STANDARD = gnu17;
				GCC_DYNAMIC_NO_PIC = NO;
				GCC_NO_COMMON_BLOCKS = YES;
				GCC_OPTIMIZATION_LEVEL = 0;
				GCC_PREPROCESSOR_DEFINITIONS = (
					"DEBUG=1",
					"$(inherited)",
				);
				GCC_WARN_64_TO_32_BIT_CONVERSION = YES;
				GCC_WARN_ABOUT_RETURN_TYPE = YES_ERROR;
				GCC_WARN_UNDECLARED_SELECTOR = YES;
				GCC_WARN_UNINITIALIZED_AUTOS = YES_AGGRESSIVE;
				GCC_WARN_UNUSED_FUNCTION = YES;
				GCC_WARN_UNUSED_VARIABLE = YES;
				IPHONEOS_DEPLOYMENT_TARGET = 14.2;
				LOCALIZATION_PREFERS_STRING_CATALOGS = YES;
				MTL_ENABLE_DEBUG_INFO = INCLUDE_SOURCE;
				MTL_FAST_MATH = YES;
				ONLY_ACTIVE_ARCH = YES;
				SDKROOT = iphoneos;
			};
			name = Debug;
		};
		0411DE532C1DCDE700F52237 /* Release */ = {
			isa = XCBuildConfiguration;
			buildSettings = {
				ALWAYS_SEARCH_USER_PATHS = NO;
				ASSETCATALOG_COMPILER_GENERATE_SWIFT_ASSET_SYMBOL_EXTENSIONS = YES;
				CLANG_ANALYZER_NONNULL = YES;
				CLANG_ANALYZER_NUMBER_OBJECT_CONVERSION = YES_AGGRESSIVE;
				CLANG_CXX_LANGUAGE_STANDARD = "gnu++20";
				CLANG_ENABLE_MODULES = YES;
				CLANG_ENABLE_OBJC_ARC = YES;
				CLANG_ENABLE_OBJC_WEAK = YES;
				CLANG_WARN_BLOCK_CAPTURE_AUTORELEASING = YES;
				CLANG_WARN_BOOL_CONVERSION = YES;
				CLANG_WARN_COMMA = YES;
				CLANG_WARN_CONSTANT_CONVERSION = YES;
				CLANG_WARN_DEPRECATED_OBJC_IMPLEMENTATIONS = YES;
				CLANG_WARN_DIRECT_OBJC_ISA_USAGE = YES_ERROR;
				CLANG_WARN_DOCUMENTATION_COMMENTS = YES;
				CLANG_WARN_EMPTY_BODY = YES;
				CLANG_WARN_ENUM_CONVERSION = YES;
				CLANG_WARN_INFINITE_RECURSION = YES;
				CLANG_WARN_INT_CONVERSION = YES;
				CLANG_WARN_NON_LITERAL_NULL_CONVERSION = YES;
				CLANG_WARN_OBJC_IMPLICIT_RETAIN_SELF = YES;
				CLANG_WARN_OBJC_LITERAL_CONVERSION = YES;
				CLANG_WARN_OBJC_ROOT_CLASS = YES_ERROR;
				CLANG_WARN_QUOTED_INCLUDE_IN_FRAMEWORK_HEADER = YES;
				CLANG_WARN_RANGE_LOOP_ANALYSIS = YES;
				CLANG_WARN_STRICT_PROTOTYPES = YES;
				CLANG_WARN_SUSPICIOUS_MOVE = YES;
				CLANG_WARN_UNGUARDED_AVAILABILITY = YES_AGGRESSIVE;
				CLANG_WARN_UNREACHABLE_CODE = YES;
				CLANG_WARN__DUPLICATE_METHOD_MATCH = YES;
				COPY_PHASE_STRIP = NO;
				DEBUG_INFORMATION_FORMAT = "dwarf-with-dsym";
				ENABLE_NS_ASSERTIONS = NO;
				ENABLE_STRICT_OBJC_MSGSEND = YES;
				ENABLE_USER_SCRIPT_SANDBOXING = YES;
				GCC_C_LANGUAGE_STANDARD = gnu17;
				GCC_NO_COMMON_BLOCKS = YES;
				GCC_WARN_64_TO_32_BIT_CONVERSION = YES;
				GCC_WARN_ABOUT_RETURN_TYPE = YES_ERROR;
				GCC_WARN_UNDECLARED_SELECTOR = YES;
				GCC_WARN_UNINITIALIZED_AUTOS = YES_AGGRESSIVE;
				GCC_WARN_UNUSED_FUNCTION = YES;
				GCC_WARN_UNUSED_VARIABLE = YES;
				IPHONEOS_DEPLOYMENT_TARGET = 14.2;
				LOCALIZATION_PREFERS_STRING_CATALOGS = YES;
				MTL_ENABLE_DEBUG_INFO = NO;
				MTL_FAST_MATH = YES;
				SDKROOT = iphoneos;
				VALIDATE_PRODUCT = YES;
			};
			name = Release;
		};
		0411DE552C1DCDE700F52237 /* Debug */ = {
			isa = XCBuildConfiguration;
			buildSettings = {
				ASSETCATALOG_COMPILER_APPICON_NAME = AppIcon;
				ASSETCATALOG_COMPILER_GLOBAL_ACCENT_COLOR_NAME = AccentColor;
				ASSETCATALOG_COMPILER_INCLUDE_ALL_APPICON_ASSETS = NO;
				CODE_SIGN_STYLE = Automatic;
				CURRENT_PROJECT_VERSION = 4;
				DEVELOPMENT_TEAM = 64B5QK67H3;
				GENERATE_INFOPLIST_FILE = YES;
				INFOPLIST_FILE = kalodata3/Info.plist;
				INFOPLIST_KEY_CFBundleDisplayName = kalodata;
				INFOPLIST_KEY_UIApplicationSupportsIndirectInputEvents = YES;
				INFOPLIST_KEY_UILaunchStoryboardName = "";
				INFOPLIST_KEY_UISupportedInterfaceOrientations_iPad = "UIInterfaceOrientationPortrait UIInterfaceOrientationPortraitUpsideDown UIInterfaceOrientationLandscapeLeft UIInterfaceOrientationLandscapeRight";
				INFOPLIST_KEY_UISupportedInterfaceOrientations_iPhone = "UIInterfaceOrientationPortrait UIInterfaceOrientationLandscapeLeft UIInterfaceOrientationLandscapeRight";
				IPHONEOS_DEPLOYMENT_TARGET = 13.6;
				LD_RUNPATH_SEARCH_PATHS = (
					"$(inherited)",
					"@executable_path/Frameworks",
				);
				MARKETING_VERSION = 3.5;
				PRODUCT_BUNDLE_IDENTIFIER = com.kalodata.ios;
				PRODUCT_NAME = "$(TARGET_NAME)";
				SWIFT_EMIT_LOC_STRINGS = YES;
				TARGETED_DEVICE_FAMILY = 1;
			};
			name = Debug;
		};
		0411DE562C1DCDE700F52237 /* Release */ = {
			isa = XCBuildConfiguration;
			buildSettings = {
				ASSETCATALOG_COMPILER_APPICON_NAME = AppIcon;
				ASSETCATALOG_COMPILER_GLOBAL_ACCENT_COLOR_NAME = AccentColor;
				ASSETCATALOG_COMPILER_INCLUDE_ALL_APPICON_ASSETS = NO;
				CODE_SIGN_STYLE = Automatic;
				CURRENT_PROJECT_VERSION = 4;
				DEVELOPMENT_TEAM = 64B5QK67H3;
				GENERATE_INFOPLIST_FILE = YES;
				INFOPLIST_FILE = kalodata3/Info.plist;
				INFOPLIST_KEY_CFBundleDisplayName = kalodata;
				INFOPLIST_KEY_UIApplicationSupportsIndirectInputEvents = YES;
				INFOPLIST_KEY_UILaunchStoryboardName = "";
				INFOPLIST_KEY_UISupportedInterfaceOrientations_iPad = "UIInterfaceOrientationPortrait UIInterfaceOrientationPortraitUpsideDown UIInterfaceOrientationLandscapeLeft UIInterfaceOrientationLandscapeRight";
				INFOPLIST_KEY_UISupportedInterfaceOrientations_iPhone = "UIInterfaceOrientationPortrait UIInterfaceOrientationLandscapeLeft UIInterfaceOrientationLandscapeRight";
				IPHONEOS_DEPLOYMENT_TARGET = 13.6;
				LD_RUNPATH_SEARCH_PATHS = (
					"$(inherited)",
					"@executable_path/Frameworks",
				);
				MARKETING_VERSION = 3.5;
				PRODUCT_BUNDLE_IDENTIFIER = com.kalodata.ios;
				PRODUCT_NAME = "$(TARGET_NAME)";
				SWIFT_EMIT_LOC_STRINGS = YES;
				TARGETED_DEVICE_FAMILY = 1;
			};
			name = Release;
		};
/* End XCBuildConfiguration section */

/* Begin XCConfigurationList section */
		0411DE362C1DCDE600F52237 /* Build configuration list for PBXProject "kalodata3" */ = {
			isa = XCConfigurationList;
			buildConfigurations = (
				0411DE522C1DCDE700F52237 /* Debug */,
				0411DE532C1DCDE700F52237 /* Release */,
			);
			defaultConfigurationIsVisible = 0;
			defaultConfigurationName = Release;
		};
		0411DE542C1DCDE700F52237 /* Build configuration list for PBXNativeTarget "kalodata3" */ = {
			isa = XCConfigurationList;
			buildConfigurations = (
				0411DE552C1DCDE700F52237 /* Debug */,
				0411DE562C1DCDE700F52237 /* Release */,
			);
			defaultConfigurationIsVisible = 0;
			defaultConfigurationName = Release;
		};
/* End XCConfigurationList section */
	};
	rootObject = 0411DE332C1DCDE600F52237 /* Project object */;
}
